# @generated - this file is auto-generated by `mise lock` https://mise.jdx.dev/dev-tools/mise-lock.html

lockfile_version = 1

[[tools."aqua:astral-sh/uv"]]
version = "0.12.10"
backend = "aqua:astral-sh/uv"
specifiers = ["0.12.10"]

[tools."aqua:astral-sh/uv"."platforms.linux-arm64"]
checksum = "sha256:9ff6b9d4665edcdd3a88dcc73cd1eb641754deb927f14e8c62ebfde6bf4f5f5e"
url = "https://github.com/astral-sh/uv/releases/download/0.12.10/uv-aarch64-unknown-linux-gnu.tar.gz"
url_api = "https://api.github.com/repos/astral-sh/uv/releases/assets/545034356"
provenance = "github-attestations"

[tools."aqua:astral-sh/uv"."platforms.linux-arm64-musl"]
checksum = "sha256:3983cb642fae84eab33756109bb266f126eb61763d8d220dd662af589c5b3da5"
url = "https://github.com/astral-sh/uv/releases/download/0.12.10/uv-aarch64-unknown-linux-musl.tar.gz"
url_api = "https://api.github.com/repos/astral-sh/uv/releases/assets/545034364"
provenance = "github-attestations"

[tools."aqua:astral-sh/uv"."platforms.linux-x64"]
checksum = "sha256:173d95a0c32d18c896c46ba6fafbf3cf9c14ab74b033f81b76c883ef492a976b"
url = "https://github.com/astral-sh/uv/releases/download/0.12.10/uv-x86_64-unknown-linux-gnu.tar.gz"
url_api = "https://api.github.com/repos/astral-sh/uv/releases/assets/545034465"
provenance = "github-attestations"

[tools."aqua:astral-sh/uv"."platforms.linux-x64-musl"]
checksum = "sha256:848d0e261119e5b8f35db10164635e46a48bec29ceb1f8ec14a6fc76004973ee"
url = "https://github.com/astral-sh/uv/releases/download/0.12.10/uv-x86_64-unknown-linux-musl.tar.gz"
url_api = "https://api.github.com/repos/astral-sh/uv/releases/assets/545034473"
provenance = "github-attestations"

[tools."aqua:astral-sh/uv"."platforms.macos-arm64"]
checksum = "sha256:51c6170e8e3a01cef9f33b94f582b7b81ac65046f55d40afb35f9cff5a68c179"
url = "https://github.com/astral-sh/uv/releases/download/0.12.10/uv-aarch64-apple-darwin.tar.gz"
url_api = "https://api.github.com/repos/astral-sh/uv/releases/assets/545034336"
provenance = "github-attestations"

[tools."aqua:astral-sh/uv"."platforms.macos-x64"]
checksum = "sha256:5296d5aa2b9143360405eea866f8ef4d5dc8986b164eb0dc35e8f876a9304d30"
url = "https://github.com/astral-sh/uv/releases/download/0.12.10/uv-x86_64-apple-darwin.tar.gz"
url_api = "https://api.github.com/repos/astral-sh/uv/releases/assets/545034436"
provenance = "github-attestations"

[tools."aqua:astral-sh/uv"."platforms.windows-x64"]
checksum = "sha256:f65744f94072152b1f86ba2aace4d01f1124d9a8ecb235805039e3718c36cac2"
url = "https://github.com/astral-sh/uv/releases/download/0.12.10/uv-x86_64-pc-windows-msvc.zip"
url_api = "https://api.github.com/repos/astral-sh/uv/releases/assets/545034461"
provenance = "github-attestations"

[[tools."aqua:dprint/dprint"]]
version = "0.57.4"
backend = "aqua:dprint/dprint"
specifiers = ["0.57.4"]

[tools."aqua:dprint/dprint"."platforms.linux-arm64"]
checksum = "sha256:ff961314e7c1ca6a02eaada0e37920a37c668fbc09fd85838c2aced41a4bc0e4"
url = "https://github.com/dprint/dprint/releases/download/0.57.4/dprint-aarch64-unknown-linux-gnu.zip"
url_api = "https://api.github.com/repos/dprint/dprint/releases/assets/546351169"

[tools."aqua:dprint/dprint"."platforms.linux-arm64-musl"]
checksum = "sha256:e1b713806f7f7b94072ba2b069aa19ac28f475dbb1fbc5b672d3030a2ab001ee"
url = "https://github.com/dprint/dprint/releases/download/0.57.4/dprint-aarch64-unknown-linux-musl.zip"
url_api = "https://api.github.com/repos/dprint/dprint/releases/assets/546351166"

[tools."aqua:dprint/dprint"."platforms.linux-x64"]
checksum = "sha256:1d26357d8bc66898d4ecc7dafca3d2971cfe222ba487228bd2ce5c3b3a309c33"
url = "https://github.com/dprint/dprint/releases/download/0.57.4/dprint-x86_64-unknown-linux-gnu.zip"
url_api = "https://api.github.com/repos/dprint/dprint/releases/assets/546351175"

[tools."aqua:dprint/dprint"."platforms.linux-x64-musl"]
checksum = "sha256:03f3e8002f9d952bf53325fc8853686d2e8808b9e5b652b215600ba147e73a5c"
url = "https://github.com/dprint/dprint/releases/download/0.57.4/dprint-x86_64-unknown-linux-musl.zip"
url_api = "https://api.github.com/repos/dprint/dprint/releases/assets/546351170"

[tools."aqua:dprint/dprint"."platforms.macos-arm64"]
checksum = "sha256:f9e752812791f258e89ff88a7affd05c793b0db3d929718651eae7df5f19eb2e"
url = "https://github.com/dprint/dprint/releases/download/0.57.4/dprint-aarch64-apple-darwin.zip"
url_api = "https://api.github.com/repos/dprint/dprint/releases/assets/546351171"

[tools."aqua:dprint/dprint"."platforms.macos-x64"]
checksum = "sha256:8978bd5d9a564ec19472545fb853da9ec468e024e75d39c3a9df9fd5750ecdfd"
url = "https://github.com/dprint/dprint/releases/download/0.57.4/dprint-x86_64-apple-darwin.zip"
url_api = "https://api.github.com/repos/dprint/dprint/releases/assets/546351172"

[tools."aqua:dprint/dprint"."platforms.windows-x64"]
checksum = "sha256:1038af32fade7a79f9c3a690d9546bb17be13dd7b4568a3684692fdcb0a52a1d"
url = "https://github.com/dprint/dprint/releases/download/0.57.4/dprint-x86_64-pc-windows-msvc.zip"
url_api = "https://api.github.com/repos/dprint/dprint/releases/assets/546351162"

[[tools."github:convco/convco"]]
version = "0.7.2"
backend = "github:convco/convco"
specifiers = ["0.7.2"]

[tools."github:convco/convco"."platforms.linux-arm64"]
checksum = "sha256:7a4523573a81d24f37aa4d22aa26d8a3083188422213efe0274a7fbbd840c741"
url = "https://github.com/convco/convco/releases/download/v0.7.2/convco-aarch64-unknown-linux-musl.tar.gz"
url_api = "https://api.github.com/repos/convco/convco/releases/assets/543270771"

[tools."github:convco/convco"."platforms.linux-arm64-musl"]
checksum = "sha256:7a4523573a81d24f37aa4d22aa26d8a3083188422213efe0274a7fbbd840c741"
url = "https://github.com/convco/convco/releases/download/v0.7.2/convco-aarch64-unknown-linux-musl.tar.gz"
url_api = "https://api.github.com/repos/convco/convco/releases/assets/543270771"

[tools."github:convco/convco"."platforms.linux-x64"]
checksum = "sha256:f9cfad24af372018f4b8d430cf86d1b7b9b36fcb7e1db5dd30c54b2eed7dde75"
url = "https://github.com/convco/convco/releases/download/v0.7.2/convco-x86_64-unknown-linux-musl.tar.gz"
url_api = "https://api.github.com/repos/convco/convco/releases/assets/543270814"

[tools."github:convco/convco"."platforms.linux-x64-musl"]
checksum = "sha256:f9cfad24af372018f4b8d430cf86d1b7b9b36fcb7e1db5dd30c54b2eed7dde75"
url = "https://github.com/convco/convco/releases/download/v0.7.2/convco-x86_64-unknown-linux-musl.tar.gz"
url_api = "https://api.github.com/repos/convco/convco/releases/assets/543270814"

[tools."github:convco/convco"."platforms.macos-arm64"]
checksum = "sha256:cbf86082b5c87254afc333a5353c4b359f09b83488c9250a161cf1caae811884"
url = "https://github.com/convco/convco/releases/download/v0.7.2/convco-aarch64-apple-darwin.tar.gz"
url_api = "https://api.github.com/repos/convco/convco/releases/assets/543270776"

[tools."github:convco/convco"."platforms.windows-x64"]
checksum = "sha256:a565c9211a589285621f4167dd6eabf36c4093c9acc11d5488758e93c135f69a"
url = "https://github.com/convco/convco/releases/download/v0.7.2/convco-x86_64-pc-windows-msvc.tar.gz"
url_api = "https://api.github.com/repos/convco/convco/releases/assets/543270801"

[[tools.hk]]
version = "1.58.1"
backend = "aqua:jdx/hk"
specifiers = ["1.58.1"]

[tools.hk."platforms.linux-arm64"]
checksum = "sha256:0972e05774ea3651fd521676c1bc6411333fe4404beb4a48067e10b54dfd1b4d"
url = "https://github.com/jdx/hk/releases/download/v1.58.1/hk-aarch64-unknown-linux-gnu.tar.gz"
url_api = "https://api.github.com/repos/jdx/hk/releases/assets/546232324"

[tools.hk."platforms.linux-arm64-musl"]
checksum = "sha256:a49cc7c21cf914c03fbda6289254bb704d424e91458afd91074f16921f9a5e84"
url = "https://github.com/jdx/hk/releases/download/v1.58.1/hk-aarch64-unknown-linux-musl.tar.gz"
url_api = "https://api.github.com/repos/jdx/hk/releases/assets/546232327"

[tools.hk."platforms.linux-x64"]
checksum = "sha256:8139133a70ed7cf1d4a0f2f19c26b1b68d714d81af91b2b1f42c4c524afc0fe5"
url = "https://github.com/jdx/hk/releases/download/v1.58.1/hk-x86_64-unknown-linux-gnu.tar.gz"
url_api = "https://api.github.com/repos/jdx/hk/releases/assets/546232333"

[tools.hk."platforms.linux-x64-musl"]
checksum = "sha256:df8a97c000d59756c14096a550d211d7346c41abf2a20d394aaa0d9bc9695ef5"
url = "https://github.com/jdx/hk/releases/download/v1.58.1/hk-x86_64-unknown-linux-musl.tar.gz"
url_api = "https://api.github.com/repos/jdx/hk/releases/assets/546232335"

[tools.hk."platforms.macos-arm64"]
checksum = "sha256:5529d95c63ea3ba9318f551e19760998a9ddf7ed926a14daf39dc46717ab32bf"
url = "https://github.com/jdx/hk/releases/download/v1.58.1/hk-aarch64-apple-darwin.tar.gz"
url_api = "https://api.github.com/repos/jdx/hk/releases/assets/546232326"

[tools.hk."platforms.windows-x64"]
checksum = "sha256:fb11cf7aa477f3f0546cf66a05ac9a8563322500e5766f63c011ffb97f5c708d"
url = "https://github.com/jdx/hk/releases/download/v1.58.1/hk-x86_64-pc-windows-msvc.zip"
url_api = "https://api.github.com/repos/jdx/hk/releases/assets/546232325"

[[tools.python]]
version = "3.14.7"
backend = "core:python"
specifiers = ["3.14.7"]

[tools.python."platforms.linux-arm64"]
checksum = "sha256:8a0798baa8a2c27b5751d590aced543eaa85e20b3f73d93c1af049688acdc9c5"
url = "https://github.com/astral-sh/python-build-standalone/releases/download/20260901/cpython-3.14.7+20260901-aarch64-unknown-linux-gnu-install_only_stripped.tar.gz"
provenance = "github-attestations"

[tools.python."platforms.linux-arm64-musl"]
checksum = "sha256:701c31d72187242302922a29f3bc6023ceb68b6b68fb8d4ed7568d1e6ef34548"
url = "https://github.com/astral-sh/python-build-standalone/releases/download/20260901/cpython-3.14.7+20260901-aarch64-unknown-linux-musl-install_only_stripped.tar.gz"
provenance = "github-attestations"

[tools.python."platforms.linux-x64"]
checksum = "sha256:3959f92825141e04adf44982d3a83ee57af0877e893b0796e04c1468749d9b04"
url = "https://github.com/astral-sh/python-build-standalone/releases/download/20260901/cpython-3.14.7+20260901-x86_64-unknown-linux-gnu-install_only_stripped.tar.gz"
provenance = "github-attestations"

[tools.python."platforms.linux-x64-musl"]
checksum = "sha256:c773f8a7357c0d1a29e208a14bc16386731ca9c0d2e51f1b6741967fb0632cdc"
url = "https://github.com/astral-sh/python-build-standalone/releases/download/20260901/cpython-3.14.7+20260901-x86_64-unknown-linux-musl-install_only_stripped.tar.gz"
provenance = "github-attestations"

[tools.python."platforms.macos-arm64"]
checksum = "sha256:4632cb1a6edad9e73d3c81b6d2e69131637d995173e3e85005df14102b0592ba"
url = "https://github.com/astral-sh/python-build-standalone/releases/download/20260901/cpython-3.14.7+20260901-aarch64-apple-darwin-install_only_stripped.tar.gz"
provenance = "github-attestations"

[tools.python."platforms.macos-x64"]
checksum = "sha256:7e151a7c9028855b61a7d6e78381f2020a1ef185281399f3b1aafc5e1c9a1a64"
url = "https://github.com/astral-sh/python-build-standalone/releases/download/20260901/cpython-3.14.7+20260901-x86_64-apple-darwin-install_only_stripped.tar.gz"
provenance = "github-attestations"

[tools.python."platforms.windows-x64"]
checksum = "sha256:ca3c33ca924dfcab3b74205a7a58a88b0255135c53f95497b26b5e60700fd66d"
url = "https://github.com/astral-sh/python-build-standalone/releases/download/20260901/cpython-3.14.7+20260901-x86_64-pc-windows-msvc-install_only_stripped.tar.gz"
provenance = "github-attestations"

[[tools.ruff]]
version = "0.16.6"
backend = "aqua:astral-sh/ruff"
specifiers = ["0.16.6"]

[tools.ruff."platforms.linux-arm64"]
checksum = "sha256:3c1b99f65b8bf2df64ff099ee072e11b4652813e2c164ec875a26fc9e99be88f"
url = "https://github.com/astral-sh/ruff/releases/download/0.16.6/ruff-aarch64-unknown-linux-gnu.tar.gz"
url_api = "https://api.github.com/repos/astral-sh/ruff/releases/assets/543094369"
provenance = "github-attestations"

[tools.ruff."platforms.linux-arm64-musl"]
checksum = "sha256:9b28fc0646a7379c5a25f68b559669c39bc000325bbad5b64b47fcf6a3b582ae"
url = "https://github.com/astral-sh/ruff/releases/download/0.16.6/ruff-aarch64-unknown-linux-musl.tar.gz"
url_api = "https://api.github.com/repos/astral-sh/ruff/releases/assets/543094376"
provenance = "github-attestations"

[tools.ruff."platforms.linux-x64"]
checksum = "sha256:0696335ef16615d8c7445ad438750eb0f55b3da6f153df21265a7c6d5750254f"
url = "https://github.com/astral-sh/ruff/releases/download/0.16.6/ruff-x86_64-unknown-linux-gnu.tar.gz"
url_api = "https://api.github.com/repos/astral-sh/ruff/releases/assets/543094461"
provenance = "github-attestations"

[tools.ruff."platforms.linux-x64-musl"]
checksum = "sha256:63740c5a1576dea4e1f2ff3f7427031188d23a11b7a4f78560749b8732a3b724"
url = "https://github.com/astral-sh/ruff/releases/download/0.16.6/ruff-x86_64-unknown-linux-musl.tar.gz"
url_api = "https://api.github.com/repos/astral-sh/ruff/releases/assets/543094475"
provenance = "github-attestations"

[tools.ruff."platforms.macos-arm64"]
checksum = "sha256:77513748c833b435b82453ba20e07db808ef6c5121945ede80a6cf21bee468a4"
url = "https://github.com/astral-sh/ruff/releases/download/0.16.6/ruff-aarch64-apple-darwin.tar.gz"
url_api = "https://api.github.com/repos/astral-sh/ruff/releases/assets/543094359"
provenance = "github-attestations"

[tools.ruff."platforms.macos-x64"]
checksum = "sha256:87cce7e591603efa979be9044ac00835638a5d9052947070b6e2e7c0cdb21940"
url = "https://github.com/astral-sh/ruff/releases/download/0.16.6/ruff-x86_64-apple-darwin.tar.gz"
url_api = "https://api.github.com/repos/astral-sh/ruff/releases/assets/543094450"
provenance = "github-attestations"

[tools.ruff."platforms.windows-x64"]
checksum = "sha256:d968cbf82bcb42042a59e9478a48f9a00db88cceaa2eeaa86c4834c02a70eaf6"
url = "https://github.com/astral-sh/ruff/releases/download/0.16.6/ruff-x86_64-pc-windows-msvc.zip"
url_api = "https://api.github.com/repos/astral-sh/ruff/releases/assets/543094453"
provenance = "github-attestations"
